
Microsoft Visual Studio Solution File, Format Version 12.00
# Visual Studio 15
VisualStudioVersion = 15.0.27428.2043
MinimumVisualStudioVersion = 10.0.40219.1
Project("{FAE04EC0-301F-11D3-BF4B-00C04F79EFBC}") = "WebAppProj", "WebAppProj\WebAppProj.csproj", "{378B14D2-8ABA-4D84-84C7-2C28FF724E2F}"
EndProject
Global
	GlobalSection(SolutionConfigurationPlatforms) = preSolution
		Debug|Any CPU = Debug|Any CPU
		Release|Any CPU = Release|Any CPU
	EndGlobalSection
	GlobalSection(ProjectConfigurationPlatforms) = postSolution
		{378B14D2-8ABA-4D84-84C7-2C28FF724E2F}.Debug|Any CPU.ActiveCfg = Debug|Any CPU
		{378B14D2-8ABA-4D84-84C7-2C28FF724E2F}.Debug|Any CPU.Build.0 = Debug|Any CPU
		{378B14D2-8ABA-4D84-84C7-2C28FF724E2F}.Release|Any CPU.ActiveCfg = Release|Any CPU
		{378B14D2-8ABA-4D84-84C7-2C28FF724E2F}.Release|Any CPU.Build.0 = Release|Any CPU
	EndGlobalSection
	GlobalSection(SolutionProperties) = preSolution
		HideSolutionNode = FALSE
	EndGlobalSection
	GlobalSection(ExtensibilityGlobals) = postSolution
		SolutionGuid = {D1C6CFFE-25BE-4F28-BFD1-0C7D5F270338}
	EndGlobalSection
EndGlobal
